lockfileVersion: '9.0'

settings:
  autoInstallPeers: true
  excludeLinksFromLockfile: false

importers:

  .:
    dependencies:
      remeda:
        specifier: 2.33.1
        version: 2.33.1
      typescript:
        specifier: 5.9.3
        version: 5.9.3

packages:

  remeda@2.33.1:
    resolution: {integrity: sha512-404Eba/HI/blNfbebo586OjEnAhq/x5jN1aIfK4gHnjAP7SADaRfDdIjo8Acpz7hkXgM06MPTwu4IbXamvM9Qw==}

  typescript@5.9.3:
    resolution: {integrity: sha512-jl1vZzPDinLr9eUt3J/t7V6FgNEw9QjvBPdysz9KfQDD41fQrC2Y4vKQdiaUpFT4bXlb1RHhLpp8wtm6M5TgSw==}
    engines: {node: '>=14.17'}
    hasBin: true

snapshots:

  remeda@2.33.1: {}

  typescript@5.9.3: {}
